{
  "name": "gobang-ai-js",
  "version": "1.0.0",
  "lockfileVersion": 3,
  "requires": true,
  "packages": {
    "": {
      "name": "gobang-ai-js",
      "version": "1.0.0",
      "devDependencies": {
        "@xenon.js/prettier-config": "^1.0.4",
        "@xenon.js/ts-config": "^1.0.6",
        "prettier": "3.0.3"
      }
    },
    "node_modules/@types/node": {
      "version": "20.11.16",
      "resolved": "https://registry.npmjs.org/@types/node/-/node-20.11.16.tgz",
      "integrity": "sha512-gKb0enTmRCzXSSUJDq6/sPcqrfCv2mkkG6Jt/clpn5eiCbKTY+SgZUxo+p8ZKMof5dCp9vHQUAB7wOUTod22wQ==",
      "dev": true,
      "dependencies": {
        "undici-types": "~5.26.4"
      }
    },
    "node_modules/@xenon.js/prettier-config": {
      "version": "1.0.4",
      "resolved": "https://registry.npmjs.org/@xenon.js/prettier-config/-/prettier-config-1.0.4.tgz",
      "integrity": "sha512-1pwKpMDQBNGEkShLVBQxclpacwrLfEReNdGfSJah8VBDtjslMNcFXwaXaSe5Ar8y3Y+Rq/7RvQIVBixvNKvKiQ==",
      "dev": true,
      "dependencies": {
        "@types/node": "^20"
      },
      "funding": {
        "url": "https://smallmain.com/"
      },
      "peerDependencies": {
        "prettier": "^3.0.3"
      }
    },
    "node_modules/@xenon.js/ts-config": {
      "version": "1.0.6",
      "resolved": "https://registry.npmjs.org/@xenon.js/ts-config/-/ts-config-1.0.6.tgz",
      "integrity": "sha512-9JnRqewaYJ14WYGOH/p4nGGCMmRUfhn2yamOFxNJ1y+llTPsoF3XhkQee6CYT5AGoRac8cq/NjCHOYEdCcJ+Sw==",
      "dev": true,
      "funding": {
        "url": "https://smallmain.com/"
      }
    },
    "node_modules/prettier": {
      "version": "3.0.3",
      "resolved": "https://registry.npmjs.org/prettier/-/prettier-3.0.3.tgz",
      "integrity": "sha512-L/4pUDMxcNa8R/EthV08Zt42WBO4h1rarVtK0K+QJG0X187OLo7l699jWw0GKuwzkPQ//jMFA/8Xm6Fh3J/DAg==",
      "dev": true,
      "bin": {
        "prettier": "bin/prettier.cjs"
      },
      "engines": {
        "node": ">=14"
      },
      "funding": {
        "url": "https://github.com/prettier/prettier?sponsor=1"
      }
    },
    "node_modules/undici-types": {
      "version": "5.26.5",
      "resolved": "https://registry.npmjs.org/undici-types/-/undici-types-5.26.5.tgz",
      "integrity": "sha512-JlCMO+ehdEIKqlFxk6IfVoAUVmgz7cU7zD/h9XZ0qzeosSHmUJVOzSQvvYSYWXkFXC+IfLKSIffhv0sVZup6pA==",
      "dev": true
    }
  }
}
